// !$*UTF8*$!
{
	archiveVersion = 1;
	classes = {
	};
	objectVersion = 48;
	objects = {

/* Begin PBXAggregateTarget section */
		489F9C001F77920200B4D1B8 /* Frameworks */ = {
			isa = PBXAggregateTarget;
			buildConfigurationList = 489F9C031F77920200B4D1B8 /* Build configuration list for PBXAggregateTarget "Frameworks" */;
			buildPhases = (
				489F9C041F77935000B4D1B8 /* ShellScript */,
			);
			dependencies = (
			);
			name = Frameworks;
			productName = Frameworks;
		};
/* End PBXAggregateTarget section */

/* Begin PBXBuildFile section */
		480BF79E1F763CAB00C70D6C /* AppLaunch.h in Headers */ = {isa = PBXBuildFile; fileRef = 480BF79C1F763CAB00C70D6C /* AppLaunch.h */; settings = {ATTRIBUTES = (Public, ); }; };
		480BF7A51F764C7200C70D6C /* AppLaunchConstants.swift in Sources */ = {isa = PBXBuildFile; fileRef = 480BF7A41F764C7200C70D6C /* AppLaunchConstants.swift */; };
		480BF7A71F764E0B00C70D6C /* AppLaunch.swift in Sources */ = {isa = PBXBuildFile; fileRef = 480BF7A61F764E0B00C70D6C /* AppLaunch.swift */; };
		480BF7A91F764FD800C70D6C /* AppLaunchUtils.swift in Sources */ = {isa = PBXBuildFile; fileRef = 480BF7A81F764FD800C70D6C /* AppLaunchUtils.swift */; };
		480BF7AD1F765ED400C70D6C /* AppLaunchMessages.swift in Sources */ = {isa = PBXBuildFile; fileRef = 480BF7AC1F765ED400C70D6C /* AppLaunchMessages.swift */; };
		C7C60C281FD832600094BB18 /* AppLaunchCacheManager.swift in Sources */ = {isa = PBXBuildFile; fileRef = C7C60C271FD832600094BB18 /* AppLaunchCacheManager.swift */; };
		C7D4DAA11FE1084B007C9E98 /* AppLaunchInvoker.swift in Sources */ = {isa = PBXBuildFile; fileRef = C7D4DAA01FE1084B007C9E98 /* AppLaunchInvoker.swift */; };
		C7D4DAA31FE124B4007C9E98 /* AppLaunchURLBuilder.swift in Sources */ = {isa = PBXBuildFile; fileRef = C7D4DAA21FE124B4007C9E98 /* AppLaunchURLBuilder.swift */; };
		C7D4DAA61FE2507F007C9E98 /* AppLaunchInAppMessaging.swift in Sources */ = {isa = PBXBuildFile; fileRef = C7D4DAA51FE2507F007C9E98 /* AppLaunchInAppMessaging.swift */; };
		C7D4DAAF1FE28856007C9E98 /* PMAlertAction.swift in Sources */ = {isa = PBXBuildFile; fileRef = C7D4DAAC1FE28855007C9E98 /* PMAlertAction.swift */; };
		C7D4DAB01FE28856007C9E98 /* PMAlertController.swift in Sources */ = {isa = PBXBuildFile; fileRef = C7D4DAAD1FE28856007C9E98 /* PMAlertController.swift */; };
		C7D4DAB11FE28856007C9E98 /* PMAlertController.xib in Resources */ = {isa = PBXBuildFile; fileRef = C7D4DAAE1FE28856007C9E98 /* PMAlertController.xib */; };
		C7D9FD1A1FE7B8D9009932AD /* AppLaunchResponse.swift in Sources */ = {isa = PBXBuildFile; fileRef = C7D9FD191FE7B8D9009932AD /* AppLaunchResponse.swift */; };
		C7D9FD1C1FE7B8F7009932AD /* AppLaunchFailResponse.swift in Sources */ = {isa = PBXBuildFile; fileRef = C7D9FD1B1FE7B8F7009932AD /* AppLaunchFailResponse.swift */; };
		CA3FDD87BB6A7A7FBEFF3561 /* Pods_AppLaunch.framework in Frameworks */ = {isa = PBXBuildFile; fileRef = 60AA0B9F4AAC555FDCF1D31C /* Pods_AppLaunch.framework */; };
/* End PBXBuildFile section */

/* Begin PBXFileReference section */
		480BF7991F763CAA00C70D6C /* AppLaunch.framework */ = {isa = PBXFileReference; explicitFileType = wrapper.framework; includeInIndex = 0; path = AppLaunch.framework; sourceTree = BUILT_PRODUCTS_DIR; };
		480BF79C1F763CAB00C70D6C /* AppLaunch.h */ = {isa = PBXFileReference; lastKnownFileType = sourcecode.c.h; path = AppLaunch.h; sourceTree = "<group>"; };
		480BF79D1F763CAB00C70D6C /* Info.plist */ = {isa = PBXFileReference; lastKnownFileType = text.plist.xml; path = Info.plist; sourceTree = "<group>"; };
		480BF7A41F764C7200C70D6C /* AppLaunchConstants.swift */ = {isa = PBXFileReference; lastKnownFileType = sourcecode.swift; path = AppLaunchConstants.swift; sourceTree = "<group>"; };
		480BF7A61F764E0B00C70D6C /* AppLaunch.swift */ = {isa = PBXFileReference; lastKnownFileType = sourcecode.swift; path = AppLaunch.swift; sourceTree = "<group>"; };
		480BF7A81F764FD800C70D6C /* AppLaunchUtils.swift */ = {isa = PBXFileReference; lastKnownFileType = sourcecode.swift; path = AppLaunchUtils.swift; sourceTree = "<group>"; };
		480BF7AC1F765ED400C70D6C /* AppLaunchMessages.swift */ = {isa = PBXFileReference; lastKnownFileType = sourcecode.swift; path = AppLaunchMessages.swift; sourceTree = "<group>"; };
		60AA0B9F4AAC555FDCF1D31C /* Pods_AppLaunch.framework */ = {isa = PBXFileReference; explicitFileType = wrapper.framework; includeInIndex = 0; path = Pods_AppLaunch.framework; sourceTree = BUILT_PRODUCTS_DIR; };
		78E4E8142005C6CF854C78C3 /* Pods-AppLaunch.release.xcconfig */ = {isa = PBXFileReference; includeInIndex = 1; lastKnownFileType = text.xcconfig; name = "Pods-AppLaunch.release.xcconfig"; path = "Pods/Target Support Files/Pods-AppLaunch/Pods-AppLaunch.release.xcconfig"; sourceTree = "<group>"; };
		8327BD995040CE0E7DF6CD64 /* Pods-AppLaunch.debug.xcconfig */ = {isa = PBXFileReference; includeInIndex = 1; lastKnownFileType = text.xcconfig; name = "Pods-AppLaunch.debug.xcconfig"; path = "Pods/Target Support Files/Pods-AppLaunch/Pods-AppLaunch.debug.xcconfig"; sourceTree = "<group>"; };
		C7C60C271FD832600094BB18 /* AppLaunchCacheManager.swift */ = {isa = PBXFileReference; lastKnownFileType = sourcecode.swift; path = AppLaunchCacheManager.swift; sourceTree = "<group>"; };
		C7D4DAA01FE1084B007C9E98 /* AppLaunchInvoker.swift */ = {isa = PBXFileReference; lastKnownFileType = sourcecode.swift; path = AppLaunchInvoker.swift; sourceTree = "<group>"; };
		C7D4DAA21FE124B4007C9E98 /* AppLaunchURLBuilder.swift */ = {isa = PBXFileReference; lastKnownFileType = sourcecode.swift; path = AppLaunchURLBuilder.swift; sourceTree = "<group>"; };
		C7D4DAA51FE2507F007C9E98 /* AppLaunchInAppMessaging.swift */ = {isa = PBXFileReference; lastKnownFileType = sourcecode.swift; path = AppLaunchInAppMessaging.swift; sourceTree = "<group>"; };
		C7D4DAAC1FE28855007C9E98 /* PMAlertAction.swift */ = {isa = PBXFileReference; fileEncoding = 4; lastKnownFileType = sourcecode.swift; path = PMAlertAction.swift; sourceTree = "<group>"; };
		C7D4DAAD1FE28856007C9E98 /* PMAlertController.swift */ = {isa = PBXFileReference; fileEncoding = 4; lastKnownFileType = sourcecode.swift; path = PMAlertController.swift; sourceTree = "<group>"; };
		C7D4DAAE1FE28856007C9E98 /* PMAlertController.xib */ = {isa = PBXFileReference; fileEncoding = 4; lastKnownFileType = file.xib; path = PMAlertController.xib; sourceTree = "<group>"; };
		C7D9FD191FE7B8D9009932AD /* AppLaunchResponse.swift */ = {isa = PBXFileReference; lastKnownFileType = sourcecode.swift; path = AppLaunchResponse.swift; sourceTree = "<group>"; };
		C7D9FD1B1FE7B8F7009932AD /* AppLaunchFailResponse.swift */ = {isa = PBXFileReference; lastKnownFileType = sourcecode.swift; path = AppLaunchFailResponse.swift; sourceTree = "<group>"; };
/* End PBXFileReference section */

/* Begin PBXFrameworksBuildPhase section */
		480BF7951F763CAA00C70D6C /* Frameworks */ = {
			isa = PBXFrameworksBuildPhase;
			buildActionMask = 2147483647;
			files = (
				CA3FDD87BB6A7A7FBEFF3561 /* Pods_AppLaunch.framework in Frameworks */,
			);
			runOnlyForDeploymentPostprocessing = 0;
		};
/* End PBXFrameworksBuildPhase section */

/* Begin PBXGroup section */
		075E0DFB8D3DC1BA95764074 /* Pods */ = {
			isa = PBXGroup;
			children = (
				8327BD995040CE0E7DF6CD64 /* Pods-AppLaunch.debug.xcconfig */,
				78E4E8142005C6CF854C78C3 /* Pods-AppLaunch.release.xcconfig */,
			);
			name = Pods;
			sourceTree = "<group>";
		};
		30C27C85F41EF29AA1B4F499 /* Frameworks */ = {
			isa = PBXGroup;
			children = (
				60AA0B9F4AAC555FDCF1D31C /* Pods_AppLaunch.framework */,
			);
			name = Frameworks;
			sourceTree = "<group>";
		};
		480BF78F1F763CAA00C70D6C = {
			isa = PBXGroup;
			children = (
				480BF79C1F763CAB00C70D6C /* AppLaunch.h */,
				480BF79D1F763CAB00C70D6C /* Info.plist */,
				480BF79B1F763CAA00C70D6C /* Source */,
				480BF79A1F763CAA00C70D6C /* Products */,
				075E0DFB8D3DC1BA95764074 /* Pods */,
				30C27C85F41EF29AA1B4F499 /* Frameworks */,
			);
			sourceTree = "<group>";
		};
		480BF79A1F763CAA00C70D6C /* Products */ = {
			isa = PBXGroup;
			children = (
				480BF7991F763CAA00C70D6C /* AppLaunch.framework */,
			);
			name = Products;
			sourceTree = "<group>";
		};
		480BF79B1F763CAA00C70D6C /* Source */ = {
			isa = PBXGroup;
			children = (
				C77C6E631FD7C7B300217304 /* API */,
				C7D4DA9F1FE10808007C9E98 /* Internal */,
				C7D9FD181FE7B8AA009932AD /* Response */,
				C77C6E621FD7C79E00217304 /* Utils */,
				C7D4DAAB1FE28806007C9E98 /* UIComponents */,
			);
			path = Source;
			sourceTree = "<group>";
		};
		C77C6E621FD7C79E00217304 /* Utils */ = {
			isa = PBXGroup;
			children = (
				480BF7AC1F765ED400C70D6C /* AppLaunchMessages.swift */,
				480BF7A41F764C7200C70D6C /* AppLaunchConstants.swift */,
				480BF7A81F764FD800C70D6C /* AppLaunchUtils.swift */,
			);
			path = Utils;
			sourceTree = "<group>";
		};
		C77C6E631FD7C7B300217304 /* API */ = {
			isa = PBXGroup;
			children = (
				480BF7A61F764E0B00C70D6C /* AppLaunch.swift */,
			);
			path = API;
			sourceTree = "<group>";
		};
		C7D4DA9F1FE10808007C9E98 /* Internal */ = {
			isa = PBXGroup;
			children = (
				C7C60C271FD832600094BB18 /* AppLaunchCacheManager.swift */,
				C7D4DAA01FE1084B007C9E98 /* AppLaunchInvoker.swift */,
				C7D4DAA21FE124B4007C9E98 /* AppLaunchURLBuilder.swift */,
				C7D4DAA51FE2507F007C9E98 /* AppLaunchInAppMessaging.swift */,
			);
			path = Internal;
			sourceTree = "<group>";
		};
		C7D4DAAB1FE28806007C9E98 /* UIComponents */ = {
			isa = PBXGroup;
			children = (
				C7D4DAB31FE2892F007C9E98 /* AlertController */,
			);
			path = UIComponents;
			sourceTree = "<group>";
		};
		C7D4DAB31FE2892F007C9E98 /* AlertController */ = {
			isa = PBXGroup;
			children = (
				C7D4DAAC1FE28855007C9E98 /* PMAlertAction.swift */,
				C7D4DAAD1FE28856007C9E98 /* PMAlertController.swift */,
				C7D4DAAE1FE28856007C9E98 /* PMAlertController.xib */,
			);
			name = AlertController;
			sourceTree = "<group>";
		};
		C7D9FD181FE7B8AA009932AD /* Response */ = {
			isa = PBXGroup;
			children = (
				C7D9FD191FE7B8D9009932AD /* AppLaunchResponse.swift */,
				C7D9FD1B1FE7B8F7009932AD /* AppLaunchFailResponse.swift */,
			);
			path = Response;
			sourceTree = "<group>";
		};
/* End PBXGroup section */

/* Begin PBXHeadersBuildPhase section */
		480BF7961F763CAA00C70D6C /* Headers */ = {
			isa = PBXHeadersBuildPhase;
			buildActionMask = 2147483647;
			files = (
				480BF79E1F763CAB00C70D6C /* AppLaunch.h in Headers */,
			);
			runOnlyForDeploymentPostprocessing = 0;
		};
/* End PBXHeadersBuildPhase section */

/* Begin PBXNativeTarget section */
		480BF7981F763CAA00C70D6C /* AppLaunch */ = {
			isa = PBXNativeTarget;
			buildConfigurationList = 480BF7A11F763CAB00C70D6C /* Build configuration list for PBXNativeTarget "AppLaunch" */;
			buildPhases = (
				EEE67887953FEF4E8B7EB6DF /* [CP] Check Pods Manifest.lock */,
				480BF7941F763CAA00C70D6C /* Sources */,
				480BF7951F763CAA00C70D6C /* Frameworks */,
				480BF7961F763CAA00C70D6C /* Headers */,
				480BF7971F763CAA00C70D6C /* Resources */,
				B62190B034B16A90A373AF52 /* [CP] Copy Pods Resources */,
			);
			buildRules = (
			);
			dependencies = (
			);
			name = AppLaunch;
			productName = AppLaunch;
			productReference = 480BF7991F763CAA00C70D6C /* AppLaunch.framework */;
			productType = "com.apple.product-type.framework";
		};
/* End PBXNativeTarget section */

/* Begin PBXProject section */
		480BF7901F763CAA00C70D6C /* Project object */ = {
			isa = PBXProject;
			attributes = {
				LastUpgradeCheck = 0900;
				ORGANIZATIONNAME = IBM;
				TargetAttributes = {
					480BF7981F763CAA00C70D6C = {
						CreatedOnToolsVersion = 9.0;
						LastSwiftMigration = 0900;
						ProvisioningStyle = Automatic;
					};
					489F9C001F77920200B4D1B8 = {
						CreatedOnToolsVersion = 9.0;
						ProvisioningStyle = Automatic;
					};
				};
			};
			buildConfigurationList = 480BF7931F763CAA00C70D6C /* Build configuration list for PBXProject "AppLaunch" */;
			compatibilityVersion = "Xcode 8.0";
			developmentRegion = en;
			hasScannedForEncodings = 0;
			knownRegions = (
				en,
			);
			mainGroup = 480BF78F1F763CAA00C70D6C;
			productRefGroup = 480BF79A1F763CAA00C70D6C /* Products */;
			projectDirPath = "";
			projectRoot = "";
			targets = (
				480BF7981F763CAA00C70D6C /* AppLaunch */,
				489F9C001F77920200B4D1B8 /* Frameworks */,
			);
		};
/* End PBXProject section */

/* Begin PBXResourcesBuildPhase section */
		480BF7971F763CAA00C70D6C /* Resources */ = {
			isa = PBXResourcesBuildPhase;
			buildActionMask = 2147483647;
			files = (
				C7D4DAB11FE28856007C9E98 /* PMAlertController.xib in Resources */,
			);
			runOnlyForDeploymentPostprocessing = 0;
		};
/* End PBXResourcesBuildPhase section */

/* Begin PBXShellScriptBuildPhase section */
		489F9C041F77935000B4D1B8 /* ShellScript */ = {
			isa = PBXShellScriptBuildPhase;
			buildActionMask = 2147483647;
			files = (
			);
			inputPaths = (
			);
			outputPaths = (
			);
			runOnlyForDeploymentPostprocessing = 0;
			shellPath = /bin/sh;
			shellScript = "######################\n# Options\n######################\n\nREVEAL_ARCHIVE_IN_FINDER=false\n\nFRAMEWORK_NAME=\"${PROJECT_NAME}\"\n\nSIMULATOR_LIBRARY_PATH=\"${BUILD_DIR}/${CONFIGURATION}-iphonesimulator/${FRAMEWORK_NAME}.framework\"\n\nDEVICE_LIBRARY_PATH=\"${BUILD_DIR}/${CONFIGURATION}-iphoneos/${FRAMEWORK_NAME}.framework\"\n\nUNIVERSAL_LIBRARY_DIR=\"${BUILD_DIR}/${CONFIGURATION}-iphoneuniversal\"\n\nFRAMEWORK=\"${UNIVERSAL_LIBRARY_DIR}/${FRAMEWORK_NAME}.framework\"\n\n\n######################\n# Build Frameworks\n######################\n\nxcodebuild -workspace ${PROJECT_NAME}.xcworkspace -scheme ${PROJECT_NAME} -sdk iphonesimulator -configuration ${CONFIGURATION} clean build CONFIGURATION_BUILD_DIR=${BUILD_DIR}/${CONFIGURATION}-iphonesimulator 2>&1\n\nxcodebuild -workspace ${PROJECT_NAME}.xcworkspace -scheme ${PROJECT_NAME} -sdk iphoneos -configuration ${CONFIGURATION} clean build CONFIGURATION_BUILD_DIR=${BUILD_DIR}/${CONFIGURATION}-iphoneos 2>&1\n\n######################\n# Create directory for universal\n######################\n\nrm -rf \"${UNIVERSAL_LIBRARY_DIR}\"\n\nmkdir \"${UNIVERSAL_LIBRARY_DIR}\"\n\nmkdir \"${FRAMEWORK}\"\n\n\n######################\n# Copy files Framework\n######################\n\ncp -r \"${DEVICE_LIBRARY_PATH}/.\" \"${FRAMEWORK}\"\n\n\n######################\n# Make an universal binary\n######################\n\nlipo \"${SIMULATOR_LIBRARY_PATH}/${FRAMEWORK_NAME}\" \"${DEVICE_LIBRARY_PATH}/${FRAMEWORK_NAME}\" -create -output \"${FRAMEWORK}/${FRAMEWORK_NAME}\" | echo\n\n# For Swift framework, Swiftmodule needs to be copied in the universal framework\nif [ -d \"${SIMULATOR_LIBRARY_PATH}/Modules/${FRAMEWORK_NAME}.swiftmodule/\" ]; then\ncp -f ${SIMULATOR_LIBRARY_PATH}/Modules/${FRAMEWORK_NAME}.swiftmodule/* \"${FRAMEWORK}/Modules/${FRAMEWORK_NAME}.swiftmodule/\" | echo\n                                                                      fi\n                                                                      \n                                                                      if [ -d \"${DEVICE_LIBRARY_PATH}/Modules/${FRAMEWORK_NAME}.swiftmodule/\" ]; then\n                                                                      cp -f ${DEVICE_LIBRARY_PATH}/Modules/${FRAMEWORK_NAME}.swiftmodule/* \"${FRAMEWORK}/Modules/${FRAMEWORK_NAME}.swiftmodule/\" | echo\n                                                                      fi\n                                                                      \n                                                                      ######################\n                                                                      # On Release, copy the result to release directory\n                                                                      ######################\n                                                                      OUTPUT_DIR=\"${PROJECT_DIR}/Output/${FRAMEWORK_NAME}-${CONFIGURATION}-iphoneuniversal/\"\n                                                                      \n                                                                      rm -rf \"$OUTPUT_DIR\"\n                                                                      mkdir -p \"$OUTPUT_DIR\"\n                                                                      \n                                                                      cp -r \"${FRAMEWORK}\" \"$OUTPUT_DIR\"\n                                                                      \n                                                                      if [ ${REVEAL_ARCHIVE_IN_FINDER} = true ]; then\n                                                                      open \"${OUTPUT_DIR}/\"\n                                                                      fi";
		};
		B62190B034B16A90A373AF52 /* [CP] Copy Pods Resources */ = {
			isa = PBXShellScriptBuildPhase;
			buildActionMask = 2147483647;
			files = (
			);
			inputPaths = (
			);
			name = "[CP] Copy Pods Resources";
			outputPaths = (
			);
			runOnlyForDeploymentPostprocessing = 0;
			shellPath = /bin/sh;
			shellScript = "\"${SRCROOT}/Pods/Target Support Files/Pods-AppLaunch/Pods-AppLaunch-resources.sh\"\n";
			showEnvVarsInLog = 0;
		};
		EEE67887953FEF4E8B7EB6DF /* [CP] Check Pods Manifest.lock */ = {
			isa = PBXShellScriptBuildPhase;
			buildActionMask = 2147483647;
			files = (
			);
			inputPaths = (
				"${PODS_PODFILE_DIR_PATH}/Podfile.lock",
				"${PODS_ROOT}/Manifest.lock",
			);
			name = "[CP] Check Pods Manifest.lock";
			outputPaths = (
				"$(DERIVED_FILE_DIR)/Pods-AppLaunch-checkManifestLockResult.txt",
			);
			runOnlyForDeploymentPostprocessing = 0;
			shellPath = /bin/sh;
			shellScript = "diff \"${PODS_PODFILE_DIR_PATH}/Podfile.lock\" \"${PODS_ROOT}/Manifest.lock\" > /dev/null\nif [ $? != 0 ] ; then\n    # print error to STDERR\n    echo \"error: The sandbox is not in sync with the Podfile.lock. Run 'pod install' or update your CocoaPods installation.\" >&2\n    exit 1\nfi\n# This output is used by Xcode 'outputs' to avoid re-running this script phase.\necho \"SUCCESS\" > \"${SCRIPT_OUTPUT_FILE_0}\"\n";
			showEnvVarsInLog = 0;
		};
/* End PBXShellScriptBuildPhase section */

/* Begin PBXSourcesBuildPhase section */
		480BF7941F763CAA00C70D6C /* Sources */ = {
			isa = PBXSourcesBuildPhase;
			buildActionMask = 2147483647;
			files = (
				C7C60C281FD832600094BB18 /* AppLaunchCacheManager.swift in Sources */,
				480BF7AD1F765ED400C70D6C /* AppLaunchMessages.swift in Sources */,
				C7D9FD1C1FE7B8F7009932AD /* AppLaunchFailResponse.swift in Sources */,
				C7D4DAA31FE124B4007C9E98 /* AppLaunchURLBuilder.swift in Sources */,
				480BF7A91F764FD800C70D6C /* AppLaunchUtils.swift in Sources */,
				C7D4DAB01FE28856007C9E98 /* PMAlertController.swift in Sources */,
				C7D4DAAF1FE28856007C9E98 /* PMAlertAction.swift in Sources */,
				480BF7A71F764E0B00C70D6C /* AppLaunch.swift in Sources */,
				480BF7A51F764C7200C70D6C /* AppLaunchConstants.swift in Sources */,
				C7D9FD1A1FE7B8D9009932AD /* AppLaunchResponse.swift in Sources */,
				C7D4DAA61FE2507F007C9E98 /* AppLaunchInAppMessaging.swift in Sources */,
				C7D4DAA11FE1084B007C9E98 /* AppLaunchInvoker.swift in Sources */,
			);
			runOnlyForDeploymentPostprocessing = 0;
		};
/* End PBXSourcesBuildPhase section */

/* Begin XCBuildConfiguration section */
		480BF79F1F763CAB00C70D6C /* Debug */ = {
			isa = XCBuildConfiguration;
			buildSettings = {
				ALWAYS_SEARCH_USER_PATHS = NO;
				CLANG_ANALYZER_NONNULL = YES;
				CLANG_ANALYZER_NUMBER_OBJECT_CONVERSION = YES_AGGRESSIVE;
				CLANG_CXX_LANGUAGE_STANDARD = "gnu++14";
				CLANG_CXX_LIBRARY = "libc++";
				CLANG_ENABLE_MODULES = YES;
				CLANG_ENABLE_OBJC_ARC = YES;
				CLANG_WARN_BLOCK_CAPTURE_AUTORELEASING = YES;
				CLANG_WARN_BOOL_CONVERSION = YES;
				CLANG_WARN_COMMA = YES;
				CLANG_WARN_CONSTANT_CONVERSION = YES;
				CLANG_WARN_DIRECT_OBJC_ISA_USAGE = YES_ERROR;
				CLANG_WARN_DOCUMENTATION_COMMENTS = YES;
				CLANG_WARN_EMPTY_BODY = YES;
				CLANG_WARN_ENUM_CONVERSION = YES;
				CLANG_WARN_INFINITE_RECURSION = YES;
				CLANG_WARN_INT_CONVERSION = YES;
				CLANG_WARN_NON_LITERAL_NULL_CONVERSION = YES;
				CLANG_WARN_OBJC_LITERAL_CONVERSION = YES;
				CLANG_WARN_OBJC_ROOT_CLASS = YES_ERROR;
				CLANG_WARN_RANGE_LOOP_ANALYSIS = YES;
				CLANG_WARN_STRICT_PROTOTYPES = YES;
				CLANG_WARN_SUSPICIOUS_MOVE = YES;
				CLANG_WARN_UNGUARDED_AVAILABILITY = YES_AGGRESSIVE;
				CLANG_WARN_UNREACHABLE_CODE = YES;
				CLANG_WARN__DUPLICATE_METHOD_MATCH = YES;
				CODE_SIGN_IDENTITY = "iPhone Developer";
				COPY_PHASE_STRIP = NO;
				CURRENT_PROJECT_VERSION = 1;
				DEBUG_INFORMATION_FORMAT = dwarf;
				ENABLE_STRICT_OBJC_MSGSEND = YES;
				ENABLE_TESTABILITY = YES;
				GCC_C_LANGUAGE_STANDARD = gnu11;
				GCC_DYNAMIC_NO_PIC = NO;
				GCC_NO_COMMON_BLOCKS = YES;
				GCC_OPTIMIZATION_LEVEL = 0;
				GCC_PREPROCESSOR_DEFINITIONS = (
					"DEBUG=1",
					"$(inherited)",
				);
				GCC_WARN_64_TO_32_BIT_CONVERSION = YES;
				GCC_WARN_ABOUT_RETURN_TYPE = YES_ERROR;
				GCC_WARN_UNDECLARED_SELECTOR = YES;
				GCC_WARN_UNINITIALIZED_AUTOS = YES_AGGRESSIVE;
				GCC_WARN_UNUSED_FUNCTION = YES;
				GCC_WARN_UNUSED_VARIABLE = YES;
				IPHONEOS_DEPLOYMENT_TARGET = 10.0;
				MTL_ENABLE_DEBUG_INFO = YES;
				ONLY_ACTIVE_ARCH = NO;
				SDKROOT = iphoneos;
				SWIFT_ACTIVE_COMPILATION_CONDITIONS = DEBUG;
				SWIFT_OPTIMIZATION_LEVEL = "-Onone";
				VALID_ARCHS = "arm64 armv7 armv7s x86_64 i386";
				VERSIONING_SYSTEM = "apple-generic";
				VERSION_INFO_PREFIX = "";
			};
			name = Debug;
		};
		480BF7A01F763CAB00C70D6C /* Release */ = {
			isa = XCBuildConfiguration;
			buildSettings = {
				ALWAYS_SEARCH_USER_PATHS = NO;
				CLANG_ANALYZER_NONNULL = YES;
				CLANG_ANALYZER_NUMBER_OBJECT_CONVERSION = YES_AGGRESSIVE;
				CLANG_CXX_LANGUAGE_STANDARD = "gnu++14";
				CLANG_CXX_LIBRARY = "libc++";
				CLANG_ENABLE_MODULES = YES;
				CLANG_ENABLE_OBJC_ARC = YES;
				CLANG_WARN_BLOCK_CAPTURE_AUTORELEASING = YES;
				CLANG_WARN_BOOL_CONVERSION = YES;
				CLANG_WARN_COMMA = YES;
				CLANG_WARN_CONSTANT_CONVERSION = YES;
				CLANG_WARN_DIRECT_OBJC_ISA_USAGE = YES_ERROR;
				CLANG_WARN_DOCUMENTATION_COMMENTS = YES;
				CLANG_WARN_EMPTY_BODY = YES;
				CLANG_WARN_ENUM_CONVERSION = YES;
				CLANG_WARN_INFINITE_RECURSION = YES;
				CLANG_WARN_INT_CONVERSION = YES;
				CLANG_WARN_NON_LITERAL_NULL_CONVERSION = YES;
				CLANG_WARN_OBJC_LITERAL_CONVERSION = YES;
				CLANG_WARN_OBJC_ROOT_CLASS = YES_ERROR;
				CLANG_WARN_RANGE_LOOP_ANALYSIS = YES;
				CLANG_WARN_STRICT_PROTOTYPES = YES;
				CLANG_WARN_SUSPICIOUS_MOVE = YES;
				CLANG_WARN_UNGUARDED_AVAILABILITY = YES_AGGRESSIVE;
				CLANG_WARN_UNREACHABLE_CODE = YES;
				CLANG_WARN__DUPLICATE_METHOD_MATCH = YES;
				CODE_SIGN_IDENTITY = "iPhone Developer";
				COPY_PHASE_STRIP = NO;
				CURRENT_PROJECT_VERSION = 1;
				DEBUG_INFORMATION_FORMAT = "dwarf-with-dsym";
				ENABLE_NS_ASSERTIONS = NO;
				ENABLE_STRICT_OBJC_MSGSEND = YES;
				GCC_C_LANGUAGE_STANDARD = gnu11;
				GCC_NO_COMMON_BLOCKS = YES;
				GCC_WARN_64_TO_32_BIT_CONVERSION = YES;
				GCC_WARN_ABOUT_RETURN_TYPE = YES_ERROR;
				GCC_WARN_UNDECLARED_SELECTOR = YES;
				GCC_WARN_UNINITIALIZED_AUTOS = YES_AGGRESSIVE;
				GCC_WARN_UNUSED_FUNCTION = YES;
				GCC_WARN_UNUSED_VARIABLE = YES;
				IPHONEOS_DEPLOYMENT_TARGET = 10.0;
				MTL_ENABLE_DEBUG_INFO = NO;
				SDKROOT = iphoneos;
				SWIFT_OPTIMIZATION_LEVEL = "-Owholemodule";
				VALIDATE_PRODUCT = YES;
				VALID_ARCHS = "arm64 armv7 armv7s x86_64 i386";
				VERSIONING_SYSTEM = "apple-generic";
				VERSION_INFO_PREFIX = "";
			};
			name = Release;
		};
		480BF7A21F763CAB00C70D6C /* Debug */ = {
			isa = XCBuildConfiguration;
			baseConfigurationReference = 8327BD995040CE0E7DF6CD64 /* Pods-AppLaunch.debug.xcconfig */;
			buildSettings = {
				CLANG_ENABLE_MODULES = YES;
				CODE_SIGN_IDENTITY = "";
				CODE_SIGN_STYLE = Automatic;
				DEFINES_MODULE = YES;
				DYLIB_COMPATIBILITY_VERSION = 1;
				DYLIB_CURRENT_VERSION = 1;
				DYLIB_INSTALL_NAME_BASE = "@rpath";
				INFOPLIST_FILE = Info.plist;
				INSTALL_PATH = "$(LOCAL_LIBRARY_DIR)/Frameworks";
				IPHONEOS_DEPLOYMENT_TARGET = 10.0;
				LD_RUNPATH_SEARCH_PATHS = "$(inherited) @executable_path/Frameworks @loader_path/Frameworks";
				ONLY_ACTIVE_ARCH = YES;
				PRODUCT_BUNDLE_IDENTIFIER = com.ibm.AppLaunch;
				PRODUCT_NAME = "$(TARGET_NAME:c99extidentifier)";
				SKIP_INSTALL = YES;
				SWIFT_OPTIMIZATION_LEVEL = "-Onone";
				SWIFT_VERSION = 3.2;
				TARGETED_DEVICE_FAMILY = "1,2";
				VALID_ARCHS = "arm64 armv7 armv7s x86_64 i386";
			};
			name = Debug;
		};
		480BF7A31F763CAB00C70D6C /* Release */ = {
			isa = XCBuildConfiguration;
			baseConfigurationReference = 78E4E8142005C6CF854C78C3 /* Pods-AppLaunch.release.xcconfig */;
			buildSettings = {
				CLANG_ENABLE_MODULES = YES;
				CODE_SIGN_IDENTITY = "";
				CODE_SIGN_STYLE = Automatic;
				DEFINES_MODULE = YES;
				DYLIB_COMPATIBILITY_VERSION = 1;
				DYLIB_CURRENT_VERSION = 1;
				DYLIB_INSTALL_NAME_BASE = "@rpath";
				INFOPLIST_FILE = Info.plist;
				INSTALL_PATH = "$(LOCAL_LIBRARY_DIR)/Frameworks";
				IPHONEOS_DEPLOYMENT_TARGET = 10.0;
				LD_RUNPATH_SEARCH_PATHS = "$(inherited) @executable_path/Frameworks @loader_path/Frameworks";
				PRODUCT_BUNDLE_IDENTIFIER = com.ibm.AppLaunch;
				PRODUCT_NAME = "$(TARGET_NAME:c99extidentifier)";
				SKIP_INSTALL = YES;
				SWIFT_VERSION = 3.2;
				TARGETED_DEVICE_FAMILY = "1,2";
				VALID_ARCHS = "arm64 armv7 armv7s x86_64 i386";
			};
			name = Release;
		};
		489F9C011F77920200B4D1B8 /* Debug */ = {
			isa = XCBuildConfiguration;
			buildSettings = {
				CODE_SIGN_STYLE = Automatic;
				ONLY_ACTIVE_ARCH = NO;
				PRODUCT_NAME = AppLaunch;
			};
			name = Debug;
		};
		489F9C021F77920200B4D1B8 /* Release */ = {
			isa = XCBuildConfiguration;
			buildSettings = {
				CODE_SIGN_STYLE = Automatic;
				PRODUCT_NAME = AppLaunch;
			};
			name = Release;
		};
/* End XCBuildConfiguration section */

/* Begin XCConfigurationList section */
		480BF7931F763CAA00C70D6C /* Build configuration list for PBXProject "AppLaunch" */ = {
			isa = XCConfigurationList;
			buildConfigurations = (
				480BF79F1F763CAB00C70D6C /* Debug */,
				480BF7A01F763CAB00C70D6C /* Release */,
			);
			defaultConfigurationIsVisible = 0;
			defaultConfigurationName = Release;
		};
		480BF7A11F763CAB00C70D6C /* Build configuration list for PBXNativeTarget "AppLaunch" */ = {
			isa = XCConfigurationList;
			buildConfigurations = (
				480BF7A21F763CAB00C70D6C /* Debug */,
				480BF7A31F763CAB00C70D6C /* Release */,
			);
			defaultConfigurationIsVisible = 0;
			defaultConfigurationName = Release;
		};
		489F9C031F77920200B4D1B8 /* Build configuration list for PBXAggregateTarget "Frameworks" */ = {
			isa = XCConfigurationList;
			buildConfigurations = (
				489F9C011F77920200B4D1B8 /* Debug */,
				489F9C021F77920200B4D1B8 /* Release */,
			);
			defaultConfigurationIsVisible = 0;
			defaultConfigurationName = Release;
		};
/* End XCConfigurationList section */
	};
	rootObject = 480BF7901F763CAA00C70D6C /* Project object */;
}
