// !$*UTF8*$!
{
	archiveVersion = 1;
	classes = {
	};
	objectVersion = 46;
	objects = {

/* Begin PBXBuildFile section */
		48D318371F35BE7800F1F8AF /* UIDeviceExtension.swift in Sources */ = {isa = PBXBuildFile; fileRef = 48D318361F35BE7800F1F8AF /* UIDeviceExtension.swift */; };
		48D318391F35DD5000F1F8AF /* EngageFeatures.swift in Sources */ = {isa = PBXBuildFile; fileRef = 48D318381F35DD5000F1F8AF /* EngageFeatures.swift */; };
		48DF2EF11E77CBD20091CDB8 /* Engage.h in Headers */ = {isa = PBXBuildFile; fileRef = 48DF2EEF1E77CBD20091CDB8 /* Engage.h */; settings = {ATTRIBUTES = (Public, ); }; };
		48DF2EFB1E77CCC10091CDB8 /* AlertOnboarding.swift in Sources */ = {isa = PBXBuildFile; fileRef = 48DF2EF71E77CCC10091CDB8 /* AlertOnboarding.swift */; };
		48DF2EFC1E77CCC10091CDB8 /* AlertChildPageViewController.swift in Sources */ = {isa = PBXBuildFile; fileRef = 48DF2EF81E77CCC10091CDB8 /* AlertChildPageViewController.swift */; };
		48DF2EFD1E77CCC10091CDB8 /* AlertPageViewController.swift in Sources */ = {isa = PBXBuildFile; fileRef = 48DF2EF91E77CCC10091CDB8 /* AlertPageViewController.swift */; };
		48DF2EFE1E77CCC10091CDB8 /* AlertChildPageViewController.xib in Resources */ = {isa = PBXBuildFile; fileRef = 48DF2EFA1E77CCC10091CDB8 /* AlertChildPageViewController.xib */; };
		48DF2F031E77CCDA0091CDB8 /* TextToSpeech.swift in Sources */ = {isa = PBXBuildFile; fileRef = 48DF2EFF1E77CCDA0091CDB8 /* TextToSpeech.swift */; };
		48DF2F041E77CCDA0091CDB8 /* HDNotificationView.h in Headers */ = {isa = PBXBuildFile; fileRef = 48DF2F001E77CCDA0091CDB8 /* HDNotificationView.h */; settings = {ATTRIBUTES = (Public, ); }; };
		48DF2F051E77CCDA0091CDB8 /* HDNotificationView.m in Sources */ = {isa = PBXBuildFile; fileRef = 48DF2F011E77CCDA0091CDB8 /* HDNotificationView.m */; };
		48DF2F061E77CCDA0091CDB8 /* SwiftyJSON.swift in Sources */ = {isa = PBXBuildFile; fileRef = 48DF2F021E77CCDA0091CDB8 /* SwiftyJSON.swift */; };
		48DF2F081E77CD050091CDB8 /* Engage.swift in Sources */ = {isa = PBXBuildFile; fileRef = 48DF2F071E77CD050091CDB8 /* Engage.swift */; };
		48DF2F0A1E77CD3B0091CDB8 /* CaptivateUtils.swift in Sources */ = {isa = PBXBuildFile; fileRef = 48DF2F091E77CD3B0091CDB8 /* CaptivateUtils.swift */; };
		48DF2F101E77CD600091CDB8 /* PopUpViewController_iPad.xib in Resources */ = {isa = PBXBuildFile; fileRef = 48DF2F0B1E77CD600091CDB8 /* PopUpViewController_iPad.xib */; };
		48DF2F111E77CD600091CDB8 /* PopUpViewController_iPhone6.xib in Resources */ = {isa = PBXBuildFile; fileRef = 48DF2F0C1E77CD600091CDB8 /* PopUpViewController_iPhone6.xib */; };
		48DF2F121E77CD600091CDB8 /* PopUpViewController_iPhone6Plus.xib in Resources */ = {isa = PBXBuildFile; fileRef = 48DF2F0D1E77CD600091CDB8 /* PopUpViewController_iPhone6Plus.xib */; };
		48DF2F131E77CD600091CDB8 /* PopUpViewController.xib in Resources */ = {isa = PBXBuildFile; fileRef = 48DF2F0E1E77CD600091CDB8 /* PopUpViewController.xib */; };
		48DF2F141E77CD600091CDB8 /* PopUpViewControllerSwift.swift in Sources */ = {isa = PBXBuildFile; fileRef = 48DF2F0F1E77CD600091CDB8 /* PopUpViewControllerSwift.swift */; };
		48DF2F181E77CD9C0091CDB8 /* AFDropdownNotification.h in Headers */ = {isa = PBXBuildFile; fileRef = 48DF2F161E77CD9C0091CDB8 /* AFDropdownNotification.h */; settings = {ATTRIBUTES = (Public, ); }; };
		48DF2F191E77CD9C0091CDB8 /* AFDropdownNotification.m in Sources */ = {isa = PBXBuildFile; fileRef = 48DF2F171E77CD9C0091CDB8 /* AFDropdownNotification.m */; };
		48DF2F1E1E77CDB30091CDB8 /* PMAlertController.xib in Resources */ = {isa = PBXBuildFile; fileRef = 48DF2F1B1E77CDB30091CDB8 /* PMAlertController.xib */; };
		48DF2F1F1E77CDB30091CDB8 /* PMAlertAction.swift in Sources */ = {isa = PBXBuildFile; fileRef = 48DF2F1C1E77CDB30091CDB8 /* PMAlertAction.swift */; };
		48DF2F201E77CDB30091CDB8 /* PMAlertController.swift in Sources */ = {isa = PBXBuildFile; fileRef = 48DF2F1D1E77CDB30091CDB8 /* PMAlertController.swift */; };
		48DF2F241E77CDCD0091CDB8 /* AsyncImageView.h in Headers */ = {isa = PBXBuildFile; fileRef = 48DF2F221E77CDCD0091CDB8 /* AsyncImageView.h */; settings = {ATTRIBUTES = (Public, ); }; };
		48DF2F251E77CDCD0091CDB8 /* AsyncImageView.m in Sources */ = {isa = PBXBuildFile; fileRef = 48DF2F231E77CDCD0091CDB8 /* AsyncImageView.m */; };
		48DF2F391E77CDE70091CDB8 /* AudioFormat.swift in Sources */ = {isa = PBXBuildFile; fileRef = 48DF2F271E77CDE70091CDB8 /* AudioFormat.swift */; };
		48DF2F3A1E77CDE70091CDB8 /* Context.swift in Sources */ = {isa = PBXBuildFile; fileRef = 48DF2F281E77CDE70091CDB8 /* Context.swift */; };
		48DF2F3B1E77CDE70091CDB8 /* Customization.swift in Sources */ = {isa = PBXBuildFile; fileRef = 48DF2F291E77CDE70091CDB8 /* Customization.swift */; };
		48DF2F3C1E77CDE70091CDB8 /* CustomizationID.swift in Sources */ = {isa = PBXBuildFile; fileRef = 48DF2F2A1E77CDE70091CDB8 /* CustomizationID.swift */; };
		48DF2F3D1E77CDE70091CDB8 /* CustomizationWords.swift in Sources */ = {isa = PBXBuildFile; fileRef = 48DF2F2B1E77CDE70091CDB8 /* CustomizationWords.swift */; };
		48DF2F3E1E77CDE70091CDB8 /* CustomVoiceUpdate.swift in Sources */ = {isa = PBXBuildFile; fileRef = 48DF2F2C1E77CDE70091CDB8 /* CustomVoiceUpdate.swift */; };
		48DF2F3F1E77CDE70091CDB8 /* Entity.swift in Sources */ = {isa = PBXBuildFile; fileRef = 48DF2F2D1E77CDE70091CDB8 /* Entity.swift */; };
		48DF2F401E77CDE70091CDB8 /* Input.swift in Sources */ = {isa = PBXBuildFile; fileRef = 48DF2F2E1E77CDE70091CDB8 /* Input.swift */; };
		48DF2F411E77CDE70091CDB8 /* Intent.swift in Sources */ = {isa = PBXBuildFile; fileRef = 48DF2F2F1E77CDE70091CDB8 /* Intent.swift */; };
		48DF2F421E77CDE70091CDB8 /* MessageRequest.swift in Sources */ = {isa = PBXBuildFile; fileRef = 48DF2F301E77CDE70091CDB8 /* MessageRequest.swift */; };
		48DF2F431E77CDE70091CDB8 /* MessageResponse.swift in Sources */ = {isa = PBXBuildFile; fileRef = 48DF2F311E77CDE70091CDB8 /* MessageResponse.swift */; };
		48DF2F441E77CDE70091CDB8 /* Output.swift in Sources */ = {isa = PBXBuildFile; fileRef = 48DF2F321E77CDE70091CDB8 /* Output.swift */; };
		48DF2F451E77CDE70091CDB8 /* PhonemeFormat.swift in Sources */ = {isa = PBXBuildFile; fileRef = 48DF2F331E77CDE70091CDB8 /* PhonemeFormat.swift */; };
		48DF2F461E77CDE70091CDB8 /* Pronunciation.swift in Sources */ = {isa = PBXBuildFile; fileRef = 48DF2F341E77CDE70091CDB8 /* Pronunciation.swift */; };
		48DF2F471E77CDE70091CDB8 /* SynthesisVoice.swift in Sources */ = {isa = PBXBuildFile; fileRef = 48DF2F351E77CDE70091CDB8 /* SynthesisVoice.swift */; };
		48DF2F481E77CDE70091CDB8 /* Translation.swift in Sources */ = {isa = PBXBuildFile; fileRef = 48DF2F361E77CDE70091CDB8 /* Translation.swift */; };
		48DF2F491E77CDE70091CDB8 /* Voice.swift in Sources */ = {isa = PBXBuildFile; fileRef = 48DF2F371E77CDE70091CDB8 /* Voice.swift */; };
		48DF2F4A1E77CDE70091CDB8 /* Word.swift in Sources */ = {isa = PBXBuildFile; fileRef = 48DF2F381E77CDE70091CDB8 /* Word.swift */; };
		48DF2F611E77CDFB0091CDB8 /* CalendarName.swift in Sources */ = {isa = PBXBuildFile; fileRef = 48DF2F4C1E77CDFB0091CDB8 /* CalendarName.swift */; };
		48DF2F621E77CDFB0091CDB8 /* Commons.swift in Sources */ = {isa = PBXBuildFile; fileRef = 48DF2F4D1E77CDFB0091CDB8 /* Commons.swift */; };
		48DF2F631E77CDFB0091CDB8 /* Date+Compare.swift in Sources */ = {isa = PBXBuildFile; fileRef = 48DF2F4E1E77CDFB0091CDB8 /* Date+Compare.swift */; };
		48DF2F641E77CDFB0091CDB8 /* Date+Components.swift in Sources */ = {isa = PBXBuildFile; fileRef = 48DF2F4F1E77CDFB0091CDB8 /* Date+Components.swift */; };
		48DF2F651E77CDFB0091CDB8 /* Date+Formatter.swift in Sources */ = {isa = PBXBuildFile; fileRef = 48DF2F501E77CDFB0091CDB8 /* Date+Formatter.swift */; };
		48DF2F661E77CDFB0091CDB8 /* Date+Math.swift in Sources */ = {isa = PBXBuildFile; fileRef = 48DF2F511E77CDFB0091CDB8 /* Date+Math.swift */; };
		48DF2F671E77CDFB0091CDB8 /* DateComponents+Extension.swift in Sources */ = {isa = PBXBuildFile; fileRef = 48DF2F521E77CDFB0091CDB8 /* DateComponents+Extension.swift */; };
		48DF2F681E77CDFB0091CDB8 /* DateInRegion+Compare.swift in Sources */ = {isa = PBXBuildFile; fileRef = 48DF2F531E77CDFB0091CDB8 /* DateInRegion+Compare.swift */; };
		48DF2F691E77CDFB0091CDB8 /* DateInRegion+Components.swift in Sources */ = {isa = PBXBuildFile; fileRef = 48DF2F541E77CDFB0091CDB8 /* DateInRegion+Components.swift */; };
		48DF2F6A1E77CDFB0091CDB8 /* DateInRegion+Formatter.swift in Sources */ = {isa = PBXBuildFile; fileRef = 48DF2F551E77CDFB0091CDB8 /* DateInRegion+Formatter.swift */; };
		48DF2F6B1E77CDFB0091CDB8 /* DateInRegion+Math.swift in Sources */ = {isa = PBXBuildFile; fileRef = 48DF2F561E77CDFB0091CDB8 /* DateInRegion+Math.swift */; };
		48DF2F6C1E77CDFB0091CDB8 /* DateInRegion.swift in Sources */ = {isa = PBXBuildFile; fileRef = 48DF2F571E77CDFB0091CDB8 /* DateInRegion.swift */; };
		48DF2F6D1E77CDFB0091CDB8 /* DateInRegionFormatter.swift in Sources */ = {isa = PBXBuildFile; fileRef = 48DF2F581E77CDFB0091CDB8 /* DateInRegionFormatter.swift */; };
		48DF2F6E1E77CDFB0091CDB8 /* DateTimeInterval.swift in Sources */ = {isa = PBXBuildFile; fileRef = 48DF2F591E77CDFB0091CDB8 /* DateTimeInterval.swift */; };
		48DF2F6F1E77CDFB0091CDB8 /* Extensions.swift in Sources */ = {isa = PBXBuildFile; fileRef = 48DF2F5A1E77CDFB0091CDB8 /* Extensions.swift */; };
		48DF2F701E77CDFB0091CDB8 /* ISO8601DateTimeFormatter.swift in Sources */ = {isa = PBXBuildFile; fileRef = 48DF2F5B1E77CDFB0091CDB8 /* ISO8601DateTimeFormatter.swift */; };
		48DF2F711E77CDFB0091CDB8 /* LocaleName.swift in Sources */ = {isa = PBXBuildFile; fileRef = 48DF2F5C1E77CDFB0091CDB8 /* LocaleName.swift */; };
		48DF2F721E77CDFB0091CDB8 /* Region.swift in Sources */ = {isa = PBXBuildFile; fileRef = 48DF2F5D1E77CDFB0091CDB8 /* Region.swift */; };
		48DF2F731E77CDFB0091CDB8 /* SwiftDate.bundle in Resources */ = {isa = PBXBuildFile; fileRef = 48DF2F5E1E77CDFB0091CDB8 /* SwiftDate.bundle */; };
		48DF2F741E77CDFB0091CDB8 /* TimeInterval+Extensions.swift in Sources */ = {isa = PBXBuildFile; fileRef = 48DF2F5F1E77CDFB0091CDB8 /* TimeInterval+Extensions.swift */; };
		48DF2F751E77CDFB0091CDB8 /* TimeZoneName.swift in Sources */ = {isa = PBXBuildFile; fileRef = 48DF2F601E77CDFB0091CDB8 /* TimeZoneName.swift */; };
		48DF2F7C1E77CE0F0091CDB8 /* JSON.swift in Sources */ = {isa = PBXBuildFile; fileRef = 48DF2F771E77CE0F0091CDB8 /* JSON.swift */; };
		48DF2F7D1E77CE0F0091CDB8 /* MultipartFormData.swift in Sources */ = {isa = PBXBuildFile; fileRef = 48DF2F781E77CE0F0091CDB8 /* MultipartFormData.swift */; };
		48DF2F7E1E77CE0F0091CDB8 /* RestRequest.swift in Sources */ = {isa = PBXBuildFile; fileRef = 48DF2F791E77CE0F0091CDB8 /* RestRequest.swift */; };
		48DF2F7F1E77CE0F0091CDB8 /* RestToken.swift in Sources */ = {isa = PBXBuildFile; fileRef = 48DF2F7A1E77CE0F0091CDB8 /* RestToken.swift */; };
		48DF2F801E77CE0F0091CDB8 /* RestUtilities.swift in Sources */ = {isa = PBXBuildFile; fileRef = 48DF2F7B1E77CE0F0091CDB8 /* RestUtilities.swift */; };
		5506B67F614A9ED53C1634D0 /* Pods_Engage.framework in Frameworks */ = {isa = PBXBuildFile; fileRef = 69F84E7324F909A24A079180 /* Pods_Engage.framework */; };
/* End PBXBuildFile section */

/* Begin PBXFileReference section */
		48D318361F35BE7800F1F8AF /* UIDeviceExtension.swift */ = {isa = PBXFileReference; lastKnownFileType = sourcecode.swift; path = UIDeviceExtension.swift; sourceTree = "<group>"; };
		48D318381F35DD5000F1F8AF /* EngageFeatures.swift */ = {isa = PBXFileReference; lastKnownFileType = sourcecode.swift; path = EngageFeatures.swift; sourceTree = "<group>"; };
		48DF2EEC1E77CBD20091CDB8 /* Engage.framework */ = {isa = PBXFileReference; explicitFileType = wrapper.framework; includeInIndex = 0; path = Engage.framework; sourceTree = BUILT_PRODUCTS_DIR; };
		48DF2EEF1E77CBD20091CDB8 /* Engage.h */ = {isa = PBXFileReference; lastKnownFileType = sourcecode.c.h; path = Engage.h; sourceTree = "<group>"; };
		48DF2EF01E77CBD20091CDB8 /* Info.plist */ = {isa = PBXFileReference; lastKnownFileType = text.plist.xml; path = Info.plist; sourceTree = "<group>"; };
		48DF2EF71E77CCC10091CDB8 /* AlertOnboarding.swift */ = {isa = PBXFileReference; fileEncoding = 4; lastKnownFileType = sourcecode.swift; path = AlertOnboarding.swift; sourceTree = "<group>"; };
		48DF2EF81E77CCC10091CDB8 /* AlertChildPageViewController.swift */ = {isa = PBXFileReference; fileEncoding = 4; lastKnownFileType = sourcecode.swift; path = AlertChildPageViewController.swift; sourceTree = "<group>"; };
		48DF2EF91E77CCC10091CDB8 /* AlertPageViewController.swift */ = {isa = PBXFileReference; fileEncoding = 4; lastKnownFileType = sourcecode.swift; path = AlertPageViewController.swift; sourceTree = "<group>"; };
		48DF2EFA1E77CCC10091CDB8 /* AlertChildPageViewController.xib */ = {isa = PBXFileReference; fileEncoding = 4; lastKnownFileType = file.xib; path = AlertChildPageViewController.xib; sourceTree = "<group>"; };
		48DF2EFF1E77CCDA0091CDB8 /* TextToSpeech.swift */ = {isa = PBXFileReference; fileEncoding = 4; lastKnownFileType = sourcecode.swift; path = TextToSpeech.swift; sourceTree = "<group>"; };
		48DF2F001E77CCDA0091CDB8 /* HDNotificationView.h */ = {isa = PBXFileReference; fileEncoding = 4; lastKnownFileType = sourcecode.c.h; path = HDNotificationView.h; sourceTree = "<group>"; };
		48DF2F011E77CCDA0091CDB8 /* HDNotificationView.m */ = {isa = PBXFileReference; fileEncoding = 4; lastKnownFileType = sourcecode.c.objc; path = HDNotificationView.m; sourceTree = "<group>"; };
		48DF2F021E77CCDA0091CDB8 /* SwiftyJSON.swift */ = {isa = PBXFileReference; fileEncoding = 4; lastKnownFileType = sourcecode.swift; path = SwiftyJSON.swift; sourceTree = "<group>"; };
		48DF2F071E77CD050091CDB8 /* Engage.swift */ = {isa = PBXFileReference; fileEncoding = 4; lastKnownFileType = sourcecode.swift; path = Engage.swift; sourceTree = "<group>"; };
		48DF2F091E77CD3B0091CDB8 /* CaptivateUtils.swift */ = {isa = PBXFileReference; fileEncoding = 4; lastKnownFileType = sourcecode.swift; path = CaptivateUtils.swift; sourceTree = "<group>"; };
		48DF2F0B1E77CD600091CDB8 /* PopUpViewController_iPad.xib */ = {isa = PBXFileReference; fileEncoding = 4; lastKnownFileType = file.xib; path = PopUpViewController_iPad.xib; sourceTree = "<group>"; };
		48DF2F0C1E77CD600091CDB8 /* PopUpViewController_iPhone6.xib */ = {isa = PBXFileReference; fileEncoding = 4; lastKnownFileType = file.xib; path = PopUpViewController_iPhone6.xib; sourceTree = "<group>"; };
		48DF2F0D1E77CD600091CDB8 /* PopUpViewController_iPhone6Plus.xib */ = {isa = PBXFileReference; fileEncoding = 4; lastKnownFileType = file.xib; path = PopUpViewController_iPhone6Plus.xib; sourceTree = "<group>"; };
		48DF2F0E1E77CD600091CDB8 /* PopUpViewController.xib */ = {isa = PBXFileReference; fileEncoding = 4; lastKnownFileType = file.xib; path = PopUpViewController.xib; sourceTree = "<group>"; };
		48DF2F0F1E77CD600091CDB8 /* PopUpViewControllerSwift.swift */ = {isa = PBXFileReference; fileEncoding = 4; lastKnownFileType = sourcecode.swift; path = PopUpViewControllerSwift.swift; sourceTree = "<group>"; };
		48DF2F161E77CD9C0091CDB8 /* AFDropdownNotification.h */ = {isa = PBXFileReference; fileEncoding = 4; lastKnownFileType = sourcecode.c.h; path = AFDropdownNotification.h; sourceTree = "<group>"; };
		48DF2F171E77CD9C0091CDB8 /* AFDropdownNotification.m */ = {isa = PBXFileReference; fileEncoding = 4; lastKnownFileType = sourcecode.c.objc; path = AFDropdownNotification.m; sourceTree = "<group>"; };
		48DF2F1B1E77CDB30091CDB8 /* PMAlertController.xib */ = {isa = PBXFileReference; fileEncoding = 4; lastKnownFileType = file.xib; path = PMAlertController.xib; sourceTree = "<group>"; };
		48DF2F1C1E77CDB30091CDB8 /* PMAlertAction.swift */ = {isa = PBXFileReference; fileEncoding = 4; lastKnownFileType = sourcecode.swift; path = PMAlertAction.swift; sourceTree = "<group>"; };
		48DF2F1D1E77CDB30091CDB8 /* PMAlertController.swift */ = {isa = PBXFileReference; fileEncoding = 4; lastKnownFileType = sourcecode.swift; path = PMAlertController.swift; sourceTree = "<group>"; };
		48DF2F221E77CDCD0091CDB8 /* AsyncImageView.h */ = {isa = PBXFileReference; fileEncoding = 4; lastKnownFileType = sourcecode.c.h; path = AsyncImageView.h; sourceTree = "<group>"; };
		48DF2F231E77CDCD0091CDB8 /* AsyncImageView.m */ = {isa = PBXFileReference; fileEncoding = 4; lastKnownFileType = sourcecode.c.objc; path = AsyncImageView.m; sourceTree = "<group>"; };
		48DF2F271E77CDE70091CDB8 /* AudioFormat.swift */ = {isa = PBXFileReference; fileEncoding = 4; lastKnownFileType = sourcecode.swift; path = AudioFormat.swift; sourceTree = "<group>"; };
		48DF2F281E77CDE70091CDB8 /* Context.swift */ = {isa = PBXFileReference; fileEncoding = 4; lastKnownFileType = sourcecode.swift; path = Context.swift; sourceTree = "<group>"; };
		48DF2F291E77CDE70091CDB8 /* Customization.swift */ = {isa = PBXFileReference; fileEncoding = 4; lastKnownFileType = sourcecode.swift; path = Customization.swift; sourceTree = "<group>"; };
		48DF2F2A1E77CDE70091CDB8 /* CustomizationID.swift */ = {isa = PBXFileReference; fileEncoding = 4; lastKnownFileType = sourcecode.swift; path = CustomizationID.swift; sourceTree = "<group>"; };
		48DF2F2B1E77CDE70091CDB8 /* CustomizationWords.swift */ = {isa = PBXFileReference; fileEncoding = 4; lastKnownFileType = sourcecode.swift; path = CustomizationWords.swift; sourceTree = "<group>"; };
		48DF2F2C1E77CDE70091CDB8 /* CustomVoiceUpdate.swift */ = {isa = PBXFileReference; fileEncoding = 4; lastKnownFileType = sourcecode.swift; path = CustomVoiceUpdate.swift; sourceTree = "<group>"; };
		48DF2F2D1E77CDE70091CDB8 /* Entity.swift */ = {isa = PBXFileReference; fileEncoding = 4; lastKnownFileType = sourcecode.swift; path = Entity.swift; sourceTree = "<group>"; };
		48DF2F2E1E77CDE70091CDB8 /* Input.swift */ = {isa = PBXFileReference; fileEncoding = 4; lastKnownFileType = sourcecode.swift; path = Input.swift; sourceTree = "<group>"; };
		48DF2F2F1E77CDE70091CDB8 /* Intent.swift */ = {isa = PBXFileReference; fileEncoding = 4; lastKnownFileType = sourcecode.swift; path = Intent.swift; sourceTree = "<group>"; };
		48DF2F301E77CDE70091CDB8 /* MessageRequest.swift */ = {isa = PBXFileReference; fileEncoding = 4; lastKnownFileType = sourcecode.swift; path = MessageRequest.swift; sourceTree = "<group>"; };
		48DF2F311E77CDE70091CDB8 /* MessageResponse.swift */ = {isa = PBXFileReference; fileEncoding = 4; lastKnownFileType = sourcecode.swift; path = MessageResponse.swift; sourceTree = "<group>"; };
		48DF2F321E77CDE70091CDB8 /* Output.swift */ = {isa = PBXFileReference; fileEncoding = 4; lastKnownFileType = sourcecode.swift; path = Output.swift; sourceTree = "<group>"; };
		48DF2F331E77CDE70091CDB8 /* PhonemeFormat.swift */ = {isa = PBXFileReference; fileEncoding = 4; lastKnownFileType = sourcecode.swift; path = PhonemeFormat.swift; sourceTree = "<group>"; };
		48DF2F341E77CDE70091CDB8 /* Pronunciation.swift */ = {isa = PBXFileReference; fileEncoding = 4; lastKnownFileType = sourcecode.swift; path = Pronunciation.swift; sourceTree = "<group>"; };
		48DF2F351E77CDE70091CDB8 /* SynthesisVoice.swift */ = {isa = PBXFileReference; fileEncoding = 4; lastKnownFileType = sourcecode.swift; path = SynthesisVoice.swift; sourceTree = "<group>"; };
		48DF2F361E77CDE70091CDB8 /* Translation.swift */ = {isa = PBXFileReference; fileEncoding = 4; lastKnownFileType = sourcecode.swift; path = Translation.swift; sourceTree = "<group>"; };
		48DF2F371E77CDE70091CDB8 /* Voice.swift */ = {isa = PBXFileReference; fileEncoding = 4; lastKnownFileType = sourcecode.swift; path = Voice.swift; sourceTree = "<group>"; };
		48DF2F381E77CDE70091CDB8 /* Word.swift */ = {isa = PBXFileReference; fileEncoding = 4; lastKnownFileType = sourcecode.swift; path = Word.swift; sourceTree = "<group>"; };
		48DF2F4C1E77CDFB0091CDB8 /* CalendarName.swift */ = {isa = PBXFileReference; fileEncoding = 4; lastKnownFileType = sourcecode.swift; path = CalendarName.swift; sourceTree = "<group>"; };
		48DF2F4D1E77CDFB0091CDB8 /* Commons.swift */ = {isa = PBXFileReference; fileEncoding = 4; lastKnownFileType = sourcecode.swift; path = Commons.swift; sourceTree = "<group>"; };
		48DF2F4E1E77CDFB0091CDB8 /* Date+Compare.swift */ = {isa = PBXFileReference; fileEncoding = 4; lastKnownFileType = sourcecode.swift; path = "Date+Compare.swift"; sourceTree = "<group>"; };
		48DF2F4F1E77CDFB0091CDB8 /* Date+Components.swift */ = {isa = PBXFileReference; fileEncoding = 4; lastKnownFileType = sourcecode.swift; path = "Date+Components.swift"; sourceTree = "<group>"; };
		48DF2F501E77CDFB0091CDB8 /* Date+Formatter.swift */ = {isa = PBXFileReference; fileEncoding = 4; lastKnownFileType = sourcecode.swift; path = "Date+Formatter.swift"; sourceTree = "<group>"; };
		48DF2F511E77CDFB0091CDB8 /* Date+Math.swift */ = {isa = PBXFileReference; fileEncoding = 4; lastKnownFileType = sourcecode.swift; path = "Date+Math.swift"; sourceTree = "<group>"; };
		48DF2F521E77CDFB0091CDB8 /* DateComponents+Extension.swift */ = {isa = PBXFileReference; fileEncoding = 4; lastKnownFileType = sourcecode.swift; path = "DateComponents+Extension.swift"; sourceTree = "<group>"; };
		48DF2F531E77CDFB0091CDB8 /* DateInRegion+Compare.swift */ = {isa = PBXFileReference; fileEncoding = 4; lastKnownFileType = sourcecode.swift; path = "DateInRegion+Compare.swift"; sourceTree = "<group>"; };
		48DF2F541E77CDFB0091CDB8 /* DateInRegion+Components.swift */ = {isa = PBXFileReference; fileEncoding = 4; lastKnownFileType = sourcecode.swift; path = "DateInRegion+Components.swift"; sourceTree = "<group>"; };
		48DF2F551E77CDFB0091CDB8 /* DateInRegion+Formatter.swift */ = {isa = PBXFileReference; fileEncoding = 4; lastKnownFileType = sourcecode.swift; path = "DateInRegion+Formatter.swift"; sourceTree = "<group>"; };
		48DF2F561E77CDFB0091CDB8 /* DateInRegion+Math.swift */ = {isa = PBXFileReference; fileEncoding = 4; lastKnownFileType = sourcecode.swift; path = "DateInRegion+Math.swift"; sourceTree = "<group>"; };
		48DF2F571E77CDFB0091CDB8 /* DateInRegion.swift */ = {isa = PBXFileReference; fileEncoding = 4; lastKnownFileType = sourcecode.swift; path = DateInRegion.swift; sourceTree = "<group>"; };
		48DF2F581E77CDFB0091CDB8 /* DateInRegionFormatter.swift */ = {isa = PBXFileReference; fileEncoding = 4; lastKnownFileType = sourcecode.swift; path = DateInRegionFormatter.swift; sourceTree = "<group>"; };
		48DF2F591E77CDFB0091CDB8 /* DateTimeInterval.swift */ = {isa = PBXFileReference; fileEncoding = 4; lastKnownFileType = sourcecode.swift; path = DateTimeInterval.swift; sourceTree = "<group>"; };
		48DF2F5A1E77CDFB0091CDB8 /* Extensions.swift */ = {isa = PBXFileReference; fileEncoding = 4; lastKnownFileType = sourcecode.swift; path = Extensions.swift; sourceTree = "<group>"; };
		48DF2F5B1E77CDFB0091CDB8 /* ISO8601DateTimeFormatter.swift */ = {isa = PBXFileReference; fileEncoding = 4; lastKnownFileType = sourcecode.swift; path = ISO8601DateTimeFormatter.swift; sourceTree = "<group>"; };
		48DF2F5C1E77CDFB0091CDB8 /* LocaleName.swift */ = {isa = PBXFileReference; fileEncoding = 4; lastKnownFileType = sourcecode.swift; path = LocaleName.swift; sourceTree = "<group>"; };
		48DF2F5D1E77CDFB0091CDB8 /* Region.swift */ = {isa = PBXFileReference; fileEncoding = 4; lastKnownFileType = sourcecode.swift; path = Region.swift; sourceTree = "<group>"; };
		48DF2F5E1E77CDFB0091CDB8 /* SwiftDate.bundle */ = {isa = PBXFileReference; lastKnownFileType = "wrapper.plug-in"; path = SwiftDate.bundle; sourceTree = "<group>"; };
		48DF2F5F1E77CDFB0091CDB8 /* TimeInterval+Extensions.swift */ = {isa = PBXFileReference; fileEncoding = 4; lastKnownFileType = sourcecode.swift; path = "TimeInterval+Extensions.swift"; sourceTree = "<group>"; };
		48DF2F601E77CDFB0091CDB8 /* TimeZoneName.swift */ = {isa = PBXFileReference; fileEncoding = 4; lastKnownFileType = sourcecode.swift; path = TimeZoneName.swift; sourceTree = "<group>"; };
		48DF2F771E77CE0F0091CDB8 /* JSON.swift */ = {isa = PBXFileReference; fileEncoding = 4; lastKnownFileType = sourcecode.swift; path = JSON.swift; sourceTree = "<group>"; };
		48DF2F781E77CE0F0091CDB8 /* MultipartFormData.swift */ = {isa = PBXFileReference; fileEncoding = 4; lastKnownFileType = sourcecode.swift; path = MultipartFormData.swift; sourceTree = "<group>"; };
		48DF2F791E77CE0F0091CDB8 /* RestRequest.swift */ = {isa = PBXFileReference; fileEncoding = 4; lastKnownFileType = sourcecode.swift; path = RestRequest.swift; sourceTree = "<group>"; };
		48DF2F7A1E77CE0F0091CDB8 /* RestToken.swift */ = {isa = PBXFileReference; fileEncoding = 4; lastKnownFileType = sourcecode.swift; path = RestToken.swift; sourceTree = "<group>"; };
		48DF2F7B1E77CE0F0091CDB8 /* RestUtilities.swift */ = {isa = PBXFileReference; fileEncoding = 4; lastKnownFileType = sourcecode.swift; path = RestUtilities.swift; sourceTree = "<group>"; };
		69F84E7324F909A24A079180 /* Pods_Engage.framework */ = {isa = PBXFileReference; explicitFileType = wrapper.framework; includeInIndex = 0; path = Pods_Engage.framework; sourceTree = BUILT_PRODUCTS_DIR; };
		B423052C4BB66540B143F667 /* Pods-Engage.debug.xcconfig */ = {isa = PBXFileReference; includeInIndex = 1; lastKnownFileType = text.xcconfig; name = "Pods-Engage.debug.xcconfig"; path = "Pods/Target Support Files/Pods-Engage/Pods-Engage.debug.xcconfig"; sourceTree = "<group>"; };
		D85059694D8EC4CC18B7C8F3 /* Pods-Engage.release.xcconfig */ = {isa = PBXFileReference; includeInIndex = 1; lastKnownFileType = text.xcconfig; name = "Pods-Engage.release.xcconfig"; path = "Pods/Target Support Files/Pods-Engage/Pods-Engage.release.xcconfig"; sourceTree = "<group>"; };
/* End PBXFileReference section */

/* Begin PBXFrameworksBuildPhase section */
		48DF2EE81E77CBD20091CDB8 /* Frameworks */ = {
			isa = PBXFrameworksBuildPhase;
			buildActionMask = 2147483647;
			files = (
				5506B67F614A9ED53C1634D0 /* Pods_Engage.framework in Frameworks */,
			);
			runOnlyForDeploymentPostprocessing = 0;
		};
/* End PBXFrameworksBuildPhase section */

/* Begin PBXGroup section */
		48DF2EE21E77CBD20091CDB8 = {
			isa = PBXGroup;
			children = (
				48DF2EEE1E77CBD20091CDB8 /* Engage */,
				48DF2EED1E77CBD20091CDB8 /* Products */,
				B9EA12DAAAE9C7D5F212657D /* Pods */,
				B136B91D2B2C5596A17B80C5 /* Frameworks */,
			);
			sourceTree = "<group>";
		};
		48DF2EED1E77CBD20091CDB8 /* Products */ = {
			isa = PBXGroup;
			children = (
				48DF2EEC1E77CBD20091CDB8 /* Engage.framework */,
			);
			name = Products;
			sourceTree = "<group>";
		};
		48DF2EEE1E77CBD20091CDB8 /* Engage */ = {
			isa = PBXGroup;
			children = (
				48DF2F811E77CE120091CDB8 /* RestKit */,
				48DF2F761E77CE000091CDB8 /* SwiftDate */,
				48DF2F4B1E77CDEC0091CDB8 /* Models */,
				48DF2F261E77CDD50091CDB8 /* AsyncImageView */,
				48DF2F211E77CDB80091CDB8 /* AlertController */,
				48DF2F1A1E77CDA40091CDB8 /* TopSlice */,
				48DF2F151E77CD6B0091CDB8 /* NMPopUpView */,
				48DF2EF71E77CCC10091CDB8 /* AlertOnboarding.swift */,
				48DF2EF81E77CCC10091CDB8 /* AlertChildPageViewController.swift */,
				48DF2EF91E77CCC10091CDB8 /* AlertPageViewController.swift */,
				48DF2EFA1E77CCC10091CDB8 /* AlertChildPageViewController.xib */,
				48DF2EEF1E77CBD20091CDB8 /* Engage.h */,
				48DF2EFF1E77CCDA0091CDB8 /* TextToSpeech.swift */,
				48DF2F001E77CCDA0091CDB8 /* HDNotificationView.h */,
				48DF2F071E77CD050091CDB8 /* Engage.swift */,
				48D318381F35DD5000F1F8AF /* EngageFeatures.swift */,
				48D318361F35BE7800F1F8AF /* UIDeviceExtension.swift */,
				48DF2F091E77CD3B0091CDB8 /* CaptivateUtils.swift */,
				48DF2F011E77CCDA0091CDB8 /* HDNotificationView.m */,
				48DF2F021E77CCDA0091CDB8 /* SwiftyJSON.swift */,
				48DF2EF01E77CBD20091CDB8 /* Info.plist */,
			);
			path = Engage;
			sourceTree = "<group>";
		};
		48DF2F151E77CD6B0091CDB8 /* NMPopUpView */ = {
			isa = PBXGroup;
			children = (
				48DF2F0B1E77CD600091CDB8 /* PopUpViewController_iPad.xib */,
				48DF2F0C1E77CD600091CDB8 /* PopUpViewController_iPhone6.xib */,
				48DF2F0D1E77CD600091CDB8 /* PopUpViewController_iPhone6Plus.xib */,
				48DF2F0E1E77CD600091CDB8 /* PopUpViewController.xib */,
				48DF2F0F1E77CD600091CDB8 /* PopUpViewControllerSwift.swift */,
			);
			name = NMPopUpView;
			sourceTree = "<group>";
		};
		48DF2F1A1E77CDA40091CDB8 /* TopSlice */ = {
			isa = PBXGroup;
			children = (
				48DF2F161E77CD9C0091CDB8 /* AFDropdownNotification.h */,
				48DF2F171E77CD9C0091CDB8 /* AFDropdownNotification.m */,
			);
			name = TopSlice;
			sourceTree = "<group>";
		};
		48DF2F211E77CDB80091CDB8 /* AlertController */ = {
			isa = PBXGroup;
			children = (
				48DF2F1B1E77CDB30091CDB8 /* PMAlertController.xib */,
				48DF2F1C1E77CDB30091CDB8 /* PMAlertAction.swift */,
				48DF2F1D1E77CDB30091CDB8 /* PMAlertController.swift */,
			);
			name = AlertController;
			sourceTree = "<group>";
		};
		48DF2F261E77CDD50091CDB8 /* AsyncImageView */ = {
			isa = PBXGroup;
			children = (
				48DF2F221E77CDCD0091CDB8 /* AsyncImageView.h */,
				48DF2F231E77CDCD0091CDB8 /* AsyncImageView.m */,
			);
			name = AsyncImageView;
			sourceTree = "<group>";
		};
		48DF2F4B1E77CDEC0091CDB8 /* Models */ = {
			isa = PBXGroup;
			children = (
				48DF2F271E77CDE70091CDB8 /* AudioFormat.swift */,
				48DF2F281E77CDE70091CDB8 /* Context.swift */,
				48DF2F291E77CDE70091CDB8 /* Customization.swift */,
				48DF2F2A1E77CDE70091CDB8 /* CustomizationID.swift */,
				48DF2F2B1E77CDE70091CDB8 /* CustomizationWords.swift */,
				48DF2F2C1E77CDE70091CDB8 /* CustomVoiceUpdate.swift */,
				48DF2F2D1E77CDE70091CDB8 /* Entity.swift */,
				48DF2F2E1E77CDE70091CDB8 /* Input.swift */,
				48DF2F2F1E77CDE70091CDB8 /* Intent.swift */,
				48DF2F301E77CDE70091CDB8 /* MessageRequest.swift */,
				48DF2F311E77CDE70091CDB8 /* MessageResponse.swift */,
				48DF2F321E77CDE70091CDB8 /* Output.swift */,
				48DF2F331E77CDE70091CDB8 /* PhonemeFormat.swift */,
				48DF2F341E77CDE70091CDB8 /* Pronunciation.swift */,
				48DF2F351E77CDE70091CDB8 /* SynthesisVoice.swift */,
				48DF2F361E77CDE70091CDB8 /* Translation.swift */,
				48DF2F371E77CDE70091CDB8 /* Voice.swift */,
				48DF2F381E77CDE70091CDB8 /* Word.swift */,
			);
			name = Models;
			sourceTree = "<group>";
		};
		48DF2F761E77CE000091CDB8 /* SwiftDate */ = {
			isa = PBXGroup;
			children = (
				48DF2F4C1E77CDFB0091CDB8 /* CalendarName.swift */,
				48DF2F4D1E77CDFB0091CDB8 /* Commons.swift */,
				48DF2F4E1E77CDFB0091CDB8 /* Date+Compare.swift */,
				48DF2F4F1E77CDFB0091CDB8 /* Date+Components.swift */,
				48DF2F501E77CDFB0091CDB8 /* Date+Formatter.swift */,
				48DF2F511E77CDFB0091CDB8 /* Date+Math.swift */,
				48DF2F521E77CDFB0091CDB8 /* DateComponents+Extension.swift */,
				48DF2F531E77CDFB0091CDB8 /* DateInRegion+Compare.swift */,
				48DF2F541E77CDFB0091CDB8 /* DateInRegion+Components.swift */,
				48DF2F551E77CDFB0091CDB8 /* DateInRegion+Formatter.swift */,
				48DF2F561E77CDFB0091CDB8 /* DateInRegion+Math.swift */,
				48DF2F571E77CDFB0091CDB8 /* DateInRegion.swift */,
				48DF2F581E77CDFB0091CDB8 /* DateInRegionFormatter.swift */,
				48DF2F591E77CDFB0091CDB8 /* DateTimeInterval.swift */,
				48DF2F5A1E77CDFB0091CDB8 /* Extensions.swift */,
				48DF2F5B1E77CDFB0091CDB8 /* ISO8601DateTimeFormatter.swift */,
				48DF2F5C1E77CDFB0091CDB8 /* LocaleName.swift */,
				48DF2F5D1E77CDFB0091CDB8 /* Region.swift */,
				48DF2F5E1E77CDFB0091CDB8 /* SwiftDate.bundle */,
				48DF2F5F1E77CDFB0091CDB8 /* TimeInterval+Extensions.swift */,
				48DF2F601E77CDFB0091CDB8 /* TimeZoneName.swift */,
			);
			name = SwiftDate;
			sourceTree = "<group>";
		};
		48DF2F811E77CE120091CDB8 /* RestKit */ = {
			isa = PBXGroup;
			children = (
				48DF2F771E77CE0F0091CDB8 /* JSON.swift */,
				48DF2F781E77CE0F0091CDB8 /* MultipartFormData.swift */,
				48DF2F791E77CE0F0091CDB8 /* RestRequest.swift */,
				48DF2F7A1E77CE0F0091CDB8 /* RestToken.swift */,
				48DF2F7B1E77CE0F0091CDB8 /* RestUtilities.swift */,
			);
			name = RestKit;
			sourceTree = "<group>";
		};
		B136B91D2B2C5596A17B80C5 /* Frameworks */ = {
			isa = PBXGroup;
			children = (
				69F84E7324F909A24A079180 /* Pods_Engage.framework */,
			);
			name = Frameworks;
			sourceTree = "<group>";
		};
		B9EA12DAAAE9C7D5F212657D /* Pods */ = {
			isa = PBXGroup;
			children = (
				B423052C4BB66540B143F667 /* Pods-Engage.debug.xcconfig */,
				D85059694D8EC4CC18B7C8F3 /* Pods-Engage.release.xcconfig */,
			);
			name = Pods;
			sourceTree = "<group>";
		};
/* End PBXGroup section */

/* Begin PBXHeadersBuildPhase section */
		48DF2EE91E77CBD20091CDB8 /* Headers */ = {
			isa = PBXHeadersBuildPhase;
			buildActionMask = 2147483647;
			files = (
				48DF2F181E77CD9C0091CDB8 /* AFDropdownNotification.h in Headers */,
				48DF2F041E77CCDA0091CDB8 /* HDNotificationView.h in Headers */,
				48DF2F241E77CDCD0091CDB8 /* AsyncImageView.h in Headers */,
				48DF2EF11E77CBD20091CDB8 /* Engage.h in Headers */,
			);
			runOnlyForDeploymentPostprocessing = 0;
		};
/* End PBXHeadersBuildPhase section */

/* Begin PBXNativeTarget section */
		48DF2EEB1E77CBD20091CDB8 /* Engage */ = {
			isa = PBXNativeTarget;
			buildConfigurationList = 48DF2EF41E77CBD20091CDB8 /* Build configuration list for PBXNativeTarget "Engage" */;
			buildPhases = (
				CA26A34FFDA09A7888BF3EA4 /* [CP] Check Pods Manifest.lock */,
				48DF2EE71E77CBD20091CDB8 /* Sources */,
				48DF2EE81E77CBD20091CDB8 /* Frameworks */,
				48DF2EE91E77CBD20091CDB8 /* Headers */,
				48DF2EEA1E77CBD20091CDB8 /* Resources */,
				BC1086E6C71016520116FCF8 /* [CP] Copy Pods Resources */,
			);
			buildRules = (
			);
			dependencies = (
			);
			name = Engage;
			productName = Engage;
			productReference = 48DF2EEC1E77CBD20091CDB8 /* Engage.framework */;
			productType = "com.apple.product-type.framework";
		};
/* End PBXNativeTarget section */

/* Begin PBXProject section */
		48DF2EE31E77CBD20091CDB8 /* Project object */ = {
			isa = PBXProject;
			attributes = {
				LastUpgradeCheck = 0820;
				ORGANIZATIONNAME = "Chethan Kumar";
				TargetAttributes = {
					48DF2EEB1E77CBD20091CDB8 = {
						CreatedOnToolsVersion = 8.2.1;
						LastSwiftMigration = 0820;
						ProvisioningStyle = Automatic;
					};
				};
			};
			buildConfigurationList = 48DF2EE61E77CBD20091CDB8 /* Build configuration list for PBXProject "Engage" */;
			compatibilityVersion = "Xcode 3.2";
			developmentRegion = English;
			hasScannedForEncodings = 0;
			knownRegions = (
				en,
			);
			mainGroup = 48DF2EE21E77CBD20091CDB8;
			productRefGroup = 48DF2EED1E77CBD20091CDB8 /* Products */;
			projectDirPath = "";
			projectRoot = "";
			targets = (
				48DF2EEB1E77CBD20091CDB8 /* Engage */,
			);
		};
/* End PBXProject section */

/* Begin PBXResourcesBuildPhase section */
		48DF2EEA1E77CBD20091CDB8 /* Resources */ = {
			isa = PBXResourcesBuildPhase;
			buildActionMask = 2147483647;
			files = (
				48DF2EFE1E77CCC10091CDB8 /* AlertChildPageViewController.xib in Resources */,
				48DF2F131E77CD600091CDB8 /* PopUpViewController.xib in Resources */,
				48DF2F731E77CDFB0091CDB8 /* SwiftDate.bundle in Resources */,
				48DF2F101E77CD600091CDB8 /* PopUpViewController_iPad.xib in Resources */,
				48DF2F1E1E77CDB30091CDB8 /* PMAlertController.xib in Resources */,
				48DF2F111E77CD600091CDB8 /* PopUpViewController_iPhone6.xib in Resources */,
				48DF2F121E77CD600091CDB8 /* PopUpViewController_iPhone6Plus.xib in Resources */,
			);
			runOnlyForDeploymentPostprocessing = 0;
		};
/* End PBXResourcesBuildPhase section */

/* Begin PBXShellScriptBuildPhase section */
		BC1086E6C71016520116FCF8 /* [CP] Copy Pods Resources */ = {
			isa = PBXShellScriptBuildPhase;
			buildActionMask = 2147483647;
			files = (
			);
			inputPaths = (
			);
			name = "[CP] Copy Pods Resources";
			outputPaths = (
			);
			runOnlyForDeploymentPostprocessing = 0;
			shellPath = /bin/sh;
			shellScript = "\"${SRCROOT}/Pods/Target Support Files/Pods-Engage/Pods-Engage-resources.sh\"\n";
			showEnvVarsInLog = 0;
		};
		CA26A34FFDA09A7888BF3EA4 /* [CP] Check Pods Manifest.lock */ = {
			isa = PBXShellScriptBuildPhase;
			buildActionMask = 2147483647;
			files = (
			);
			inputPaths = (
			);
			name = "[CP] Check Pods Manifest.lock";
			outputPaths = (
			);
			runOnlyForDeploymentPostprocessing = 0;
			shellPath = /bin/sh;
			shellScript = "diff \"${PODS_ROOT}/../Podfile.lock\" \"${PODS_ROOT}/Manifest.lock\" > /dev/null\nif [ $? != 0 ] ; then\n    # print error to STDERR\n    echo \"error: The sandbox is not in sync with the Podfile.lock. Run 'pod install' or update your CocoaPods installation.\" >&2\n    exit 1\nfi\n";
			showEnvVarsInLog = 0;
		};
/* End PBXShellScriptBuildPhase section */

/* Begin PBXSourcesBuildPhase section */
		48DF2EE71E77CBD20091CDB8 /* Sources */ = {
			isa = PBXSourcesBuildPhase;
			buildActionMask = 2147483647;
			files = (
				48DF2F401E77CDE70091CDB8 /* Input.swift in Sources */,
				48DF2F411E77CDE70091CDB8 /* Intent.swift in Sources */,
				48DF2F051E77CCDA0091CDB8 /* HDNotificationView.m in Sources */,
				48DF2F6D1E77CDFB0091CDB8 /* DateInRegionFormatter.swift in Sources */,
				48DF2F421E77CDE70091CDB8 /* MessageRequest.swift in Sources */,
				48DF2F431E77CDE70091CDB8 /* MessageResponse.swift in Sources */,
				48DF2F0A1E77CD3B0091CDB8 /* CaptivateUtils.swift in Sources */,
				48DF2F461E77CDE70091CDB8 /* Pronunciation.swift in Sources */,
				48DF2F141E77CD600091CDB8 /* PopUpViewControllerSwift.swift in Sources */,
				48DF2F611E77CDFB0091CDB8 /* CalendarName.swift in Sources */,
				48DF2F751E77CDFB0091CDB8 /* TimeZoneName.swift in Sources */,
				48DF2F451E77CDE70091CDB8 /* PhonemeFormat.swift in Sources */,
				48DF2F661E77CDFB0091CDB8 /* Date+Math.swift in Sources */,
				48DF2F641E77CDFB0091CDB8 /* Date+Components.swift in Sources */,
				48DF2F3A1E77CDE70091CDB8 /* Context.swift in Sources */,
				48DF2F671E77CDFB0091CDB8 /* DateComponents+Extension.swift in Sources */,
				48DF2F1F1E77CDB30091CDB8 /* PMAlertAction.swift in Sources */,
				48DF2F6E1E77CDFB0091CDB8 /* DateTimeInterval.swift in Sources */,
				48DF2EFB1E77CCC10091CDB8 /* AlertOnboarding.swift in Sources */,
				48DF2F3C1E77CDE70091CDB8 /* CustomizationID.swift in Sources */,
				48DF2F3E1E77CDE70091CDB8 /* CustomVoiceUpdate.swift in Sources */,
				48DF2F651E77CDFB0091CDB8 /* Date+Formatter.swift in Sources */,
				48DF2F681E77CDFB0091CDB8 /* DateInRegion+Compare.swift in Sources */,
				48D318391F35DD5000F1F8AF /* EngageFeatures.swift in Sources */,
				48DF2F191E77CD9C0091CDB8 /* AFDropdownNotification.m in Sources */,
				48DF2F6F1E77CDFB0091CDB8 /* Extensions.swift in Sources */,
				48DF2F3B1E77CDE70091CDB8 /* Customization.swift in Sources */,
				48DF2F7D1E77CE0F0091CDB8 /* MultipartFormData.swift in Sources */,
				48DF2F031E77CCDA0091CDB8 /* TextToSpeech.swift in Sources */,
				48DF2F7C1E77CE0F0091CDB8 /* JSON.swift in Sources */,
				48DF2F7E1E77CE0F0091CDB8 /* RestRequest.swift in Sources */,
				48D318371F35BE7800F1F8AF /* UIDeviceExtension.swift in Sources */,
				48DF2F481E77CDE70091CDB8 /* Translation.swift in Sources */,
				48DF2F631E77CDFB0091CDB8 /* Date+Compare.swift in Sources */,
				48DF2F711E77CDFB0091CDB8 /* LocaleName.swift in Sources */,
				48DF2F441E77CDE70091CDB8 /* Output.swift in Sources */,
				48DF2F691E77CDFB0091CDB8 /* DateInRegion+Components.swift in Sources */,
				48DF2F201E77CDB30091CDB8 /* PMAlertController.swift in Sources */,
				48DF2F721E77CDFB0091CDB8 /* Region.swift in Sources */,
				48DF2F061E77CCDA0091CDB8 /* SwiftyJSON.swift in Sources */,
				48DF2F4A1E77CDE70091CDB8 /* Word.swift in Sources */,
				48DF2F251E77CDCD0091CDB8 /* AsyncImageView.m in Sources */,
				48DF2F801E77CE0F0091CDB8 /* RestUtilities.swift in Sources */,
				48DF2F7F1E77CE0F0091CDB8 /* RestToken.swift in Sources */,
				48DF2F3D1E77CDE70091CDB8 /* CustomizationWords.swift in Sources */,
				48DF2F081E77CD050091CDB8 /* Engage.swift in Sources */,
				48DF2F3F1E77CDE70091CDB8 /* Entity.swift in Sources */,
				48DF2EFC1E77CCC10091CDB8 /* AlertChildPageViewController.swift in Sources */,
				48DF2F6C1E77CDFB0091CDB8 /* DateInRegion.swift in Sources */,
				48DF2EFD1E77CCC10091CDB8 /* AlertPageViewController.swift in Sources */,
				48DF2F701E77CDFB0091CDB8 /* ISO8601DateTimeFormatter.swift in Sources */,
				48DF2F6B1E77CDFB0091CDB8 /* DateInRegion+Math.swift in Sources */,
				48DF2F391E77CDE70091CDB8 /* AudioFormat.swift in Sources */,
				48DF2F6A1E77CDFB0091CDB8 /* DateInRegion+Formatter.swift in Sources */,
				48DF2F491E77CDE70091CDB8 /* Voice.swift in Sources */,
				48DF2F741E77CDFB0091CDB8 /* TimeInterval+Extensions.swift in Sources */,
				48DF2F621E77CDFB0091CDB8 /* Commons.swift in Sources */,
				48DF2F471E77CDE70091CDB8 /* SynthesisVoice.swift in Sources */,
			);
			runOnlyForDeploymentPostprocessing = 0;
		};
/* End PBXSourcesBuildPhase section */

/* Begin XCBuildConfiguration section */
		48DF2EF21E77CBD20091CDB8 /* Debug */ = {
			isa = XCBuildConfiguration;
			buildSettings = {
				ALWAYS_SEARCH_USER_PATHS = NO;
				CLANG_ANALYZER_NONNULL = YES;
				CLANG_CXX_LANGUAGE_STANDARD = "gnu++0x";
				CLANG_CXX_LIBRARY = "libc++";
				CLANG_ENABLE_MODULES = YES;
				CLANG_ENABLE_OBJC_ARC = YES;
				CLANG_WARN_BOOL_CONVERSION = YES;
				CLANG_WARN_CONSTANT_CONVERSION = YES;
				CLANG_WARN_DIRECT_OBJC_ISA_USAGE = YES_ERROR;
				CLANG_WARN_DOCUMENTATION_COMMENTS = YES;
				CLANG_WARN_EMPTY_BODY = YES;
				CLANG_WARN_ENUM_CONVERSION = YES;
				CLANG_WARN_INFINITE_RECURSION = YES;
				CLANG_WARN_INT_CONVERSION = YES;
				CLANG_WARN_OBJC_ROOT_CLASS = YES_ERROR;
				CLANG_WARN_SUSPICIOUS_MOVE = YES;
				CLANG_WARN_UNREACHABLE_CODE = YES;
				CLANG_WARN__DUPLICATE_METHOD_MATCH = YES;
				"CODE_SIGN_IDENTITY[sdk=iphoneos*]" = "iPhone Developer";
				COPY_PHASE_STRIP = NO;
				CURRENT_PROJECT_VERSION = 1;
				DEBUG_INFORMATION_FORMAT = dwarf;
				ENABLE_STRICT_OBJC_MSGSEND = YES;
				ENABLE_TESTABILITY = YES;
				GCC_C_LANGUAGE_STANDARD = gnu99;
				GCC_DYNAMIC_NO_PIC = NO;
				GCC_NO_COMMON_BLOCKS = YES;
				GCC_OPTIMIZATION_LEVEL = 0;
				GCC_PREPROCESSOR_DEFINITIONS = (
					"DEBUG=1",
					"$(inherited)",
				);
				GCC_WARN_64_TO_32_BIT_CONVERSION = YES;
				GCC_WARN_ABOUT_RETURN_TYPE = YES_ERROR;
				GCC_WARN_UNDECLARED_SELECTOR = YES;
				GCC_WARN_UNINITIALIZED_AUTOS = YES_AGGRESSIVE;
				GCC_WARN_UNUSED_FUNCTION = YES;
				GCC_WARN_UNUSED_VARIABLE = YES;
				IPHONEOS_DEPLOYMENT_TARGET = 10.2;
				MTL_ENABLE_DEBUG_INFO = YES;
				ONLY_ACTIVE_ARCH = YES;
				SDKROOT = iphoneos;
				SWIFT_ACTIVE_COMPILATION_CONDITIONS = DEBUG;
				SWIFT_OPTIMIZATION_LEVEL = "-Onone";
				TARGETED_DEVICE_FAMILY = "1,2";
				VERSIONING_SYSTEM = "apple-generic";
				VERSION_INFO_PREFIX = "";
			};
			name = Debug;
		};
		48DF2EF31E77CBD20091CDB8 /* Release */ = {
			isa = XCBuildConfiguration;
			buildSettings = {
				ALWAYS_SEARCH_USER_PATHS = NO;
				CLANG_ANALYZER_NONNULL = YES;
				CLANG_CXX_LANGUAGE_STANDARD = "gnu++0x";
				CLANG_CXX_LIBRARY = "libc++";
				CLANG_ENABLE_MODULES = YES;
				CLANG_ENABLE_OBJC_ARC = YES;
				CLANG_WARN_BOOL_CONVERSION = YES;
				CLANG_WARN_CONSTANT_CONVERSION = YES;
				CLANG_WARN_DIRECT_OBJC_ISA_USAGE = YES_ERROR;
				CLANG_WARN_DOCUMENTATION_COMMENTS = YES;
				CLANG_WARN_EMPTY_BODY = YES;
				CLANG_WARN_ENUM_CONVERSION = YES;
				CLANG_WARN_INFINITE_RECURSION = YES;
				CLANG_WARN_INT_CONVERSION = YES;
				CLANG_WARN_OBJC_ROOT_CLASS = YES_ERROR;
				CLANG_WARN_SUSPICIOUS_MOVE = YES;
				CLANG_WARN_UNREACHABLE_CODE = YES;
				CLANG_WARN__DUPLICATE_METHOD_MATCH = YES;
				"CODE_SIGN_IDENTITY[sdk=iphoneos*]" = "iPhone Developer";
				COPY_PHASE_STRIP = NO;
				CURRENT_PROJECT_VERSION = 1;
				DEBUG_INFORMATION_FORMAT = "dwarf-with-dsym";
				ENABLE_NS_ASSERTIONS = NO;
				ENABLE_STRICT_OBJC_MSGSEND = YES;
				GCC_C_LANGUAGE_STANDARD = gnu99;
				GCC_NO_COMMON_BLOCKS = YES;
				GCC_WARN_64_TO_32_BIT_CONVERSION = YES;
				GCC_WARN_ABOUT_RETURN_TYPE = YES_ERROR;
				GCC_WARN_UNDECLARED_SELECTOR = YES;
				GCC_WARN_UNINITIALIZED_AUTOS = YES_AGGRESSIVE;
				GCC_WARN_UNUSED_FUNCTION = YES;
				GCC_WARN_UNUSED_VARIABLE = YES;
				IPHONEOS_DEPLOYMENT_TARGET = 10.2;
				MTL_ENABLE_DEBUG_INFO = NO;
				SDKROOT = iphoneos;
				SWIFT_OPTIMIZATION_LEVEL = "-Owholemodule";
				TARGETED_DEVICE_FAMILY = "1,2";
				VALIDATE_PRODUCT = YES;
				VERSIONING_SYSTEM = "apple-generic";
				VERSION_INFO_PREFIX = "";
			};
			name = Release;
		};
		48DF2EF51E77CBD20091CDB8 /* Debug */ = {
			isa = XCBuildConfiguration;
			baseConfigurationReference = B423052C4BB66540B143F667 /* Pods-Engage.debug.xcconfig */;
			buildSettings = {
				CLANG_ENABLE_MODULES = YES;
				CODE_SIGN_IDENTITY = "";
				DEFINES_MODULE = YES;
				DYLIB_COMPATIBILITY_VERSION = 1;
				DYLIB_CURRENT_VERSION = 1;
				DYLIB_INSTALL_NAME_BASE = "@rpath";
				INFOPLIST_FILE = Engage/Info.plist;
				INSTALL_PATH = "$(LOCAL_LIBRARY_DIR)/Frameworks";
				LD_RUNPATH_SEARCH_PATHS = "$(inherited) @executable_path/Frameworks @loader_path/Frameworks";
				PRODUCT_BUNDLE_IDENTIFIER = com.wlindia.Engage;
				PRODUCT_NAME = "$(TARGET_NAME)";
				SKIP_INSTALL = YES;
				SWIFT_OPTIMIZATION_LEVEL = "-Onone";
				SWIFT_VERSION = 3.0;
			};
			name = Debug;
		};
		48DF2EF61E77CBD20091CDB8 /* Release */ = {
			isa = XCBuildConfiguration;
			baseConfigurationReference = D85059694D8EC4CC18B7C8F3 /* Pods-Engage.release.xcconfig */;
			buildSettings = {
				CLANG_ENABLE_MODULES = YES;
				CODE_SIGN_IDENTITY = "";
				DEFINES_MODULE = YES;
				DYLIB_COMPATIBILITY_VERSION = 1;
				DYLIB_CURRENT_VERSION = 1;
				DYLIB_INSTALL_NAME_BASE = "@rpath";
				INFOPLIST_FILE = Engage/Info.plist;
				INSTALL_PATH = "$(LOCAL_LIBRARY_DIR)/Frameworks";
				LD_RUNPATH_SEARCH_PATHS = "$(inherited) @executable_path/Frameworks @loader_path/Frameworks";
				PRODUCT_BUNDLE_IDENTIFIER = com.wlindia.Engage;
				PRODUCT_NAME = "$(TARGET_NAME)";
				SKIP_INSTALL = YES;
				SWIFT_VERSION = 3.0;
			};
			name = Release;
		};
/* End XCBuildConfiguration section */

/* Begin XCConfigurationList section */
		48DF2EE61E77CBD20091CDB8 /* Build configuration list for PBXProject "Engage" */ = {
			isa = XCConfigurationList;
			buildConfigurations = (
				48DF2EF21E77CBD20091CDB8 /* Debug */,
				48DF2EF31E77CBD20091CDB8 /* Release */,
			);
			defaultConfigurationIsVisible = 0;
			defaultConfigurationName = Release;
		};
		48DF2EF41E77CBD20091CDB8 /* Build configuration list for PBXNativeTarget "Engage" */ = {
			isa = XCConfigurationList;
			buildConfigurations = (
				48DF2EF51E77CBD20091CDB8 /* Debug */,
				48DF2EF61E77CBD20091CDB8 /* Release */,
			);
			defaultConfigurationIsVisible = 0;
			defaultConfigurationName = Release;
		};
/* End XCConfigurationList section */
	};
	rootObject = 48DF2EE31E77CBD20091CDB8 /* Project object */;
}
